
Microsoft Visual Studio Solution File, Format Version 12.00
# Visual Studio Version 17
VisualStudioVersion = 17.0.31521.260
MinimumVisualStudioVersion = 10.0.40219.1
Project("{9A19103F-16F7-4668-BE54-9A1E7A4F7556}") = "MyBlog", "MyBlog\MyBlog.csproj", "{772B1814-6B2E-4BD5-BE45-7656BB8ED571}"
EndProject
Project("{FAE04EC0-301F-11D3-BF4B-00C04F79EFBC}") = "MyBlog.Core", "MyBlog.Core\MyBlog.Core.csproj", "{FBD788CD-1250-4F9A-9A8C-F8E8D40B2D50}"
EndProject
Global
	GlobalSection(SolutionConfigurationPlatforms) = preSolution
		Debug|Any CPU = Debug|Any CPU
		Release|Any CPU = Release|Any CPU
	EndGlobalSection
	GlobalSection(ProjectConfigurationPlatforms) = postSolution
		{772B1814-6B2E-4BD5-BE45-7656BB8ED571}.Debug|Any CPU.ActiveCfg = Debug|Any CPU
		{772B1814-6B2E-4BD5-BE45-7656BB8ED571}.Debug|Any CPU.Build.0 = Debug|Any CPU
		{772B1814-6B2E-4BD5-BE45-7656BB8ED571}.Release|Any CPU.ActiveCfg = Release|Any CPU
		{772B1814-6B2E-4BD5-BE45-7656BB8ED571}.Release|Any CPU.Build.0 = Release|Any CPU
		{FBD788CD-1250-4F9A-9A8C-F8E8D40B2D50}.Debug|Any CPU.ActiveCfg = Debug|Any CPU
		{FBD788CD-1250-4F9A-9A8C-F8E8D40B2D50}.Debug|Any CPU.Build.0 = Debug|Any CPU
		{FBD788CD-1250-4F9A-9A8C-F8E8D40B2D50}.Release|Any CPU.ActiveCfg = Release|Any CPU
		{FBD788CD-1250-4F9A-9A8C-F8E8D40B2D50}.Release|Any CPU.Build.0 = Release|Any CPU
	EndGlobalSection
	GlobalSection(SolutionProperties) = preSolution
		HideSolutionNode = FALSE
	EndGlobalSection
	GlobalSection(ExtensibilityGlobals) = postSolution
		SolutionGuid = {22995D96-B037-4C5C-A3F1-A24B91545B7F}
	EndGlobalSection
EndGlobal
